// !$*UTF8*$!
{
	archiveVersion = 1;
	classes = {
	};
	objectVersion = 46;
	objects = {

/* Begin PBXBuildFile section */
		633FC8E619DF4ECE0033F742 /* sprites in Resources */ = {isa = PBXBuildFile; fileRef = 633FC8E519DF4ECE0033F742 /* sprites */; };
		633FC91A19DF6ABD0033F742 /* EditSceneViewController.swift in Sources */ = {isa = PBXBuildFile; fileRef = 633FC91919DF6ABD0033F742 /* EditSceneViewController.swift */; };
		633FC91C19DF73C30033F742 /* EditCardViewController.swift in Sources */ = {isa = PBXBuildFile; fileRef = 633FC91B19DF73C30033F742 /* EditCardViewController.swift */; };
		6368FFB319EC2FB800745A93 /* Alamofire.framework in Frameworks */ = {isa = PBXBuildFile; fileRef = 6368FFB019EC2F1C00745A93 /* Alamofire.framework */; };
		636A6A4B19E1D7EF001B4B6D /* SpritePickerDelegate.swift in Sources */ = {isa = PBXBuildFile; fileRef = 636A6A4A19E1D7EF001B4B6D /* SpritePickerDelegate.swift */; };
		636A6A4D19E1D8A8001B4B6D /* SpritePickerViewController.swift in Sources */ = {isa = PBXBuildFile; fileRef = 636A6A4C19E1D8A8001B4B6D /* SpritePickerViewController.swift */; };
		637C09AD19DFB48700E93BB0 /* EditSceneToolbarViewController.swift in Sources */ = {isa = PBXBuildFile; fileRef = 637C09AC19DFB48700E93BB0 /* EditSceneToolbarViewController.swift */; };
		637C09AF19DFCA9600E93BB0 /* EditSceneToolbarDelegate.swift in Sources */ = {isa = PBXBuildFile; fileRef = 637C09AE19DFCA9600E93BB0 /* EditSceneToolbarDelegate.swift */; };
		637C09B119E0953100E93BB0 /* RenderingAgent.swift in Sources */ = {isa = PBXBuildFile; fileRef = 637C09B019E0953100E93BB0 /* RenderingAgent.swift */; };
		637C09B519E1135300E93BB0 /* LayerPickerViewController.swift in Sources */ = {isa = PBXBuildFile; fileRef = 637C09B419E1135300E93BB0 /* LayerPickerViewController.swift */; };
		637C09B719E11BD200E93BB0 /* LayerPickerDelegate.swift in Sources */ = {isa = PBXBuildFile; fileRef = 637C09B619E11BD200E93BB0 /* LayerPickerDelegate.swift */; };
		63AA5CD219D7E31C009E15E7 /* AppDelegate.swift in Sources */ = {isa = PBXBuildFile; fileRef = 63AA5CD119D7E31C009E15E7 /* AppDelegate.swift */; };
		63AA5CDB19D7E31C009E15E7 /* Main.storyboard in Resources */ = {isa = PBXBuildFile; fileRef = 63AA5CD919D7E31C009E15E7 /* Main.storyboard */; };
		63AA5CDD19D7E31C009E15E7 /* Images.xcassets in Resources */ = {isa = PBXBuildFile; fileRef = 63AA5CDC19D7E31C009E15E7 /* Images.xcassets */; };
		63AA5CE019D7E31C009E15E7 /* LaunchScreen.xib in Resources */ = {isa = PBXBuildFile; fileRef = 63AA5CDE19D7E31C009E15E7 /* LaunchScreen.xib */; };
		63AA5CEC19D7E31C009E15E7 /* GreetingCardTests.swift in Sources */ = {isa = PBXBuildFile; fileRef = 63AA5CEB19D7E31C009E15E7 /* GreetingCardTests.swift */; };
		63AA5CFD19D7E37E009E15E7 /* CardViewController.swift in Sources */ = {isa = PBXBuildFile; fileRef = 63AA5CF819D7E37E009E15E7 /* CardViewController.swift */; };
		63AA5CFE19D7E37E009E15E7 /* DataUtility.swift in Sources */ = {isa = PBXBuildFile; fileRef = 63AA5CF919D7E37E009E15E7 /* DataUtility.swift */; };
		63AA5CFF19D7E37E009E15E7 /* InboxTableViewController.swift in Sources */ = {isa = PBXBuildFile; fileRef = 63AA5CFA19D7E37E009E15E7 /* InboxTableViewController.swift */; };
		63AA5D0019D7E37E009E15E7 /* Models.swift in Sources */ = {isa = PBXBuildFile; fileRef = 63AA5CFB19D7E37E009E15E7 /* Models.swift */; };
		63AA5D0119D7E37E009E15E7 /* SceneViewController.swift in Sources */ = {isa = PBXBuildFile; fileRef = 63AA5CFC19D7E37E009E15E7 /* SceneViewController.swift */; };
/* End PBXBuildFile section */

/* Begin PBXContainerItemProxy section */
		6368FFAF19EC2F1C00745A93 /* PBXContainerItemProxy */ = {
			isa = PBXContainerItemProxy;
			containerPortal = 6368FFAA19EC2F1C00745A93 /* Alamofire.xcodeproj */;
			proxyType = 2;
			remoteGlobalIDString = F8111E3319A95C8B0040E7D1;
			remoteInfo = Alamofire;
		};
		6368FFB119EC2F1C00745A93 /* PBXContainerItemProxy */ = {
			isa = PBXContainerItemProxy;
			containerPortal = 6368FFAA19EC2F1C00745A93 /* Alamofire.xcodeproj */;
			proxyType = 2;
			remoteGlobalIDString = F8111E3E19A95C8B0040E7D1;
			remoteInfo = AlamofireTests;
		};
		63AA5CE619D7E31C009E15E7 /* PBXContainerItemProxy */ = {
			isa = PBXContainerItemProxy;
			containerPortal = 63AA5CC419D7E31C009E15E7 /* Project object */;
			proxyType = 1;
			remoteGlobalIDString = 63AA5CCB19D7E31C009E15E7;
			remoteInfo = GreetingCard;
		};
/* End PBXContainerItemProxy section */

/* Begin PBXCopyFilesBuildPhase section */
		6368FFB419EC2FCB00745A93 /* Copy Frameworks */ = {
			isa = PBXCopyFilesBuildPhase;
			buildActionMask = 2147483647;
			dstPath = "";
			dstSubfolderSpec = 10;
			files = (
			);
			name = "Copy Frameworks";
			runOnlyForDeploymentPostprocessing = 0;
		};
/* End PBXCopyFilesBuildPhase section */

/* Begin PBXFileReference section */
		633FC8E519DF4ECE0033F742 /* sprites */ = {isa = PBXFileReference; lastKnownFileType = folder; path = sprites; sourceTree = "<group>"; };
		633FC91919DF6ABD0033F742 /* EditSceneViewController.swift */ = {isa = PBXFileReference; fileEncoding = 4; lastKnownFileType = sourcecode.swift; path = EditSceneViewController.swift; sourceTree = "<group>"; };
		633FC91B19DF73C30033F742 /* EditCardViewController.swift */ = {isa = PBXFileReference; fileEncoding = 4; lastKnownFileType = sourcecode.swift; path = EditCardViewController.swift; sourceTree = "<group>"; };
		6368FFAA19EC2F1C00745A93 /* Alamofire.xcodeproj */ = {isa = PBXFileReference; lastKnownFileType = "wrapper.pb-project"; name = Alamofire.xcodeproj; path = Alamofire/Alamofire.xcodeproj; sourceTree = "<group>"; };
		636A6A4A19E1D7EF001B4B6D /* SpritePickerDelegate.swift */ = {isa = PBXFileReference; fileEncoding = 4; lastKnownFileType = sourcecode.swift; path = SpritePickerDelegate.swift; sourceTree = "<group>"; };
		636A6A4C19E1D8A8001B4B6D /* SpritePickerViewController.swift */ = {isa = PBXFileReference; fileEncoding = 4; lastKnownFileType = sourcecode.swift; path = SpritePickerViewController.swift; sourceTree = "<group>"; };
		637C09AC19DFB48700E93BB0 /* EditSceneToolbarViewController.swift */ = {isa = PBXFileReference; fileEncoding = 4; lastKnownFileType = sourcecode.swift; path = EditSceneToolbarViewController.swift; sourceTree = "<group>"; };
		637C09AE19DFCA9600E93BB0 /* EditSceneToolbarDelegate.swift */ = {isa = PBXFileReference; fileEncoding = 4; lastKnownFileType = sourcecode.swift; path = EditSceneToolbarDelegate.swift; sourceTree = "<group>"; };
		637C09B019E0953100E93BB0 /* RenderingAgent.swift */ = {isa = PBXFileReference; fileEncoding = 4; lastKnownFileType = sourcecode.swift; path = RenderingAgent.swift; sourceTree = "<group>"; };
		637C09B419E1135300E93BB0 /* LayerPickerViewController.swift */ = {isa = PBXFileReference; fileEncoding = 4; lastKnownFileType = sourcecode.swift; path = LayerPickerViewController.swift; sourceTree = "<group>"; };
		637C09B619E11BD200E93BB0 /* LayerPickerDelegate.swift */ = {isa = PBXFileReference; fileEncoding = 4; lastKnownFileType = sourcecode.swift; path = LayerPickerDelegate.swift; sourceTree = "<group>"; };
		63AA5CCC19D7E31C009E15E7 /* GreetingCard.app */ = {isa = PBXFileReference; explicitFileType = wrapper.application; includeInIndex = 0; path = GreetingCard.app; sourceTree = BUILT_PRODUCTS_DIR; };
		63AA5CD019D7E31C009E15E7 /* Info.plist */ = {isa = PBXFileReference; lastKnownFileType = text.plist.xml; path = Info.plist; sourceTree = "<group>"; };
		63AA5CD119D7E31C009E15E7 /* AppDelegate.swift */ = {isa = PBXFileReference; lastKnownFileType = sourcecode.swift; path = AppDelegate.swift; sourceTree = "<group>"; };
		63AA5CDA19D7E31C009E15E7 /* Base */ = {isa = PBXFileReference; lastKnownFileType = file.storyboard; name = Base; path = Base.lproj/Main.storyboard; sourceTree = "<group>"; };
		63AA5CDC19D7E31C009E15E7 /* Images.xcassets */ = {isa = PBXFileReference; lastKnownFileType = folder.assetcatalog; path = Images.xcassets; sourceTree = "<group>"; };
		63AA5CDF19D7E31C009E15E7 /* Base */ = {isa = PBXFileReference; lastKnownFileType = file.xib; name = Base; path = Base.lproj/LaunchScreen.xib; sourceTree = "<group>"; };
		63AA5CE519D7E31C009E15E7 /* GreetingCardTests.xctest */ = {isa = PBXFileReference; explicitFileType = wrapper.cfbundle; includeInIndex = 0; path = GreetingCardTests.xctest; sourceTree = BUILT_PRODUCTS_DIR; };
		63AA5CEA19D7E31C009E15E7 /* Info.plist */ = {isa = PBXFileReference; lastKnownFileType = text.plist.xml; path = Info.plist; sourceTree = "<group>"; };
		63AA5CEB19D7E31C009E15E7 /* GreetingCardTests.swift */ = {isa = PBXFileReference; lastKnownFileType = sourcecode.swift; path = GreetingCardTests.swift; sourceTree = "<group>"; };
		63AA5CF819D7E37E009E15E7 /* CardViewController.swift */ = {isa = PBXFileReference; fileEncoding = 4; lastKnownFileType = sourcecode.swift; path = CardViewController.swift; sourceTree = "<group>"; };
		63AA5CF919D7E37E009E15E7 /* DataUtility.swift */ = {isa = PBXFileReference; fileEncoding = 4; lastKnownFileType = sourcecode.swift; path = DataUtility.swift; sourceTree = "<group>"; };
		63AA5CFA19D7E37E009E15E7 /* InboxTableViewController.swift */ = {isa = PBXFileReference; fileEncoding = 4; lastKnownFileType = sourcecode.swift; path = InboxTableViewController.swift; sourceTree = "<group>"; };
		63AA5CFB19D7E37E009E15E7 /* Models.swift */ = {isa = PBXFileReference; fileEncoding = 4; lastKnownFileType = sourcecode.swift; path = Models.swift; sourceTree = "<group>"; };
		63AA5CFC19D7E37E009E15E7 /* SceneViewController.swift */ = {isa = PBXFileReference; fileEncoding = 4; lastKnownFileType = sourcecode.swift; path = SceneViewController.swift; sourceTree = "<group>"; };
/* End PBXFileReference section */

/* Begin PBXFrameworksBuildPhase section */
		63AA5CC919D7E31C009E15E7 /* Frameworks */ = {
			isa = PBXFrameworksBuildPhase;
			buildActionMask = 2147483647;
			files = (
				6368FFB319EC2FB800745A93 /* Alamofire.framework in Frameworks */,
			);
			runOnlyForDeploymentPostprocessing = 0;
		};
		63AA5CE219D7E31C009E15E7 /* Frameworks */ = {
			isa = PBXFrameworksBuildPhase;
			buildActionMask = 2147483647;
			files = (
			);
			runOnlyForDeploymentPostprocessing = 0;
		};
/* End PBXFrameworksBuildPhase section */

/* Begin PBXGroup section */
		633FC91D19DF73E40033F742 /* View Card */ = {
			isa = PBXGroup;
			children = (
				63AA5CFA19D7E37E009E15E7 /* InboxTableViewController.swift */,
				63AA5CF819D7E37E009E15E7 /* CardViewController.swift */,
				63AA5CFC19D7E37E009E15E7 /* SceneViewController.swift */,
			);
			name = "View Card";
			sourceTree = "<group>";
		};
		633FC91E19DF74060033F742 /* Edit Card */ = {
			isa = PBXGroup;
			children = (
				633FC91B19DF73C30033F742 /* EditCardViewController.swift */,
				633FC91919DF6ABD0033F742 /* EditSceneViewController.swift */,
				637C09AC19DFB48700E93BB0 /* EditSceneToolbarViewController.swift */,
				637C09B419E1135300E93BB0 /* LayerPickerViewController.swift */,
				636A6A4C19E1D8A8001B4B6D /* SpritePickerViewController.swift */,
				637C09AE19DFCA9600E93BB0 /* EditSceneToolbarDelegate.swift */,
				637C09B619E11BD200E93BB0 /* LayerPickerDelegate.swift */,
				636A6A4A19E1D7EF001B4B6D /* SpritePickerDelegate.swift */,
			);
			name = "Edit Card";
			sourceTree = "<group>";
		};
		6368FFAB19EC2F1C00745A93 /* Products */ = {
			isa = PBXGroup;
			children = (
				6368FFB019EC2F1C00745A93 /* Alamofire.framework */,
				6368FFB219EC2F1C00745A93 /* AlamofireTests.xctest */,
			);
			name = Products;
			sourceTree = "<group>";
		};
		6368FFBC19EC692100745A93 /* Config */ = {
			isa = PBXGroup;
			children = (
			);
			name = Config;
			sourceTree = "<group>";
		};
		63781A3E19D88BE0003174F7 /* Data */ = {
			isa = PBXGroup;
			children = (
				63AA5CF919D7E37E009E15E7 /* DataUtility.swift */,
				63AA5CFB19D7E37E009E15E7 /* Models.swift */,
			);
			name = Data;
			sourceTree = "<group>";
		};
		63AA5CC319D7E31C009E15E7 = {
			isa = PBXGroup;
			children = (
				63AA5CCE19D7E31C009E15E7 /* GreetingCard */,
				63AA5CE819D7E31C009E15E7 /* GreetingCardTests */,
				63AA5CCD19D7E31C009E15E7 /* Products */,
				6368FFAA19EC2F1C00745A93 /* Alamofire.xcodeproj */,
			);
			sourceTree = "<group>";
		};
		63AA5CCD19D7E31C009E15E7 /* Products */ = {
			isa = PBXGroup;
			children = (
				63AA5CCC19D7E31C009E15E7 /* GreetingCard.app */,
				63AA5CE519D7E31C009E15E7 /* GreetingCardTests.xctest */,
			);
			name = Products;
			sourceTree = "<group>";
		};
		63AA5CCE19D7E31C009E15E7 /* GreetingCard */ = {
			isa = PBXGroup;
			children = (
				63AA5CD919D7E31C009E15E7 /* Main.storyboard */,
				633FC91D19DF73E40033F742 /* View Card */,
				633FC91E19DF74060033F742 /* Edit Card */,
				63AA5CDE19D7E31C009E15E7 /* LaunchScreen.xib */,
				63AA5CD119D7E31C009E15E7 /* AppDelegate.swift */,
				637C09B019E0953100E93BB0 /* RenderingAgent.swift */,
				6368FFBC19EC692100745A93 /* Config */,
				63781A3E19D88BE0003174F7 /* Data */,
				63AA5CCF19D7E31C009E15E7 /* Supporting Files */,
			);
			path = GreetingCard;
			sourceTree = "<group>";
		};
		63AA5CCF19D7E31C009E15E7 /* Supporting Files */ = {
			isa = PBXGroup;
			children = (
				63AA5CDC19D7E31C009E15E7 /* Images.xcassets */,
				633FC8E519DF4ECE0033F742 /* sprites */,
				63AA5CD019D7E31C009E15E7 /* Info.plist */,
			);
			name = "Supporting Files";
			sourceTree = "<group>";
		};
		63AA5CE819D7E31C009E15E7 /* GreetingCardTests */ = {
			isa = PBXGroup;
			children = (
				63AA5CEB19D7E31C009E15E7 /* GreetingCardTests.swift */,
				63AA5CE919D7E31C009E15E7 /* Supporting Files */,
			);
			path = GreetingCardTests;
			sourceTree = "<group>";
		};
		63AA5CE919D7E31C009E15E7 /* Supporting Files */ = {
			isa = PBXGroup;
			children = (
				63AA5CEA19D7E31C009E15E7 /* Info.plist */,
			);
			name = "Supporting Files";
			sourceTree = "<group>";
		};
/* End PBXGroup section */

/* Begin PBXNativeTarget section */
		63AA5CCB19D7E31C009E15E7 /* GreetingCard */ = {
			isa = PBXNativeTarget;
			buildConfigurationList = 63AA5CEF19D7E31C009E15E7 /* Build configuration list for PBXNativeTarget "GreetingCard" */;
			buildPhases = (
				63AA5CC819D7E31C009E15E7 /* Sources */,
				63AA5CC919D7E31C009E15E7 /* Frameworks */,
				63AA5CCA19D7E31C009E15E7 /* Resources */,
				6368FFB419EC2FCB00745A93 /* Copy Frameworks */,
			);
			buildRules = (
			);
			dependencies = (
			);
			name = GreetingCard;
			productName = GreetingCard;
			productReference = 63AA5CCC19D7E31C009E15E7 /* GreetingCard.app */;
			productType = "com.apple.product-type.application";
		};
		63AA5CE419D7E31C009E15E7 /* GreetingCardTests */ = {
			isa = PBXNativeTarget;
			buildConfigurationList = 63AA5CF219D7E31C009E15E7 /* Build configuration list for PBXNativeTarget "GreetingCardTests" */;
			buildPhases = (
				63AA5CE119D7E31C009E15E7 /* Sources */,
				63AA5CE219D7E31C009E15E7 /* Frameworks */,
				63AA5CE319D7E31C009E15E7 /* Resources */,
			);
			buildRules = (
			);
			dependencies = (
				63AA5CE719D7E31C009E15E7 /* PBXTargetDependency */,
			);
			name = GreetingCardTests;
			productName = GreetingCardTests;
			productReference = 63AA5CE519D7E31C009E15E7 /* GreetingCardTests.xctest */;
			productType = "com.apple.product-type.bundle.unit-test";
		};
/* End PBXNativeTarget section */

/* Begin PBXProject section */
		63AA5CC419D7E31C009E15E7 /* Project object */ = {
			isa = PBXProject;
			attributes = {
				LastUpgradeCheck = 0600;
				ORGANIZATIONNAME = "David Bazile";
				TargetAttributes = {
					63AA5CCB19D7E31C009E15E7 = {
						CreatedOnToolsVersion = 6.0.1;
					};
					63AA5CE419D7E31C009E15E7 = {
						CreatedOnToolsVersion = 6.0.1;
						TestTargetID = 63AA5CCB19D7E31C009E15E7;
					};
				};
			};
			buildConfigurationList = 63AA5CC719D7E31C009E15E7 /* Build configuration list for PBXProject "GreetingCard" */;
			compatibilityVersion = "Xcode 3.2";
			developmentRegion = English;
			hasScannedForEncodings = 0;
			knownRegions = (
				en,
				Base,
			);
			mainGroup = 63AA5CC319D7E31C009E15E7;
			productRefGroup = 63AA5CCD19D7E31C009E15E7 /* Products */;
			projectDirPath = "";
			projectReferences = (
				{
					ProductGroup = 6368FFAB19EC2F1C00745A93 /* Products */;
					ProjectRef = 6368FFAA19EC2F1C00745A93 /* Alamofire.xcodeproj */;
				},
			);
			projectRoot = "";
			targets = (
				63AA5CCB19D7E31C009E15E7 /* GreetingCard */,
				63AA5CE419D7E31C009E15E7 /* GreetingCardTests */,
			);
		};
/* End PBXProject section */

/* Begin PBXReferenceProxy section */
		6368FFB019EC2F1C00745A93 /* Alamofire.framework */ = {
			isa = PBXReferenceProxy;
			fileType = wrapper.framework;
			path = Alamofire.framework;
			remoteRef = 6368FFAF19EC2F1C00745A93 /* PBXContainerItemProxy */;
			sourceTree = BUILT_PRODUCTS_DIR;
		};
		6368FFB219EC2F1C00745A93 /* AlamofireTests.xctest */ = {
			isa = PBXReferenceProxy;
			fileType = wrapper.cfbundle;
			path = AlamofireTests.xctest;
			remoteRef = 6368FFB119EC2F1C00745A93 /* PBXContainerItemProxy */;
			sourceTree = BUILT_PRODUCTS_DIR;
		};
/* End PBXReferenceProxy section */

/* Begin PBXResourcesBuildPhase section */
		63AA5CCA19D7E31C009E15E7 /* Resources */ = {
			isa = PBXResourcesBuildPhase;
			buildActionMask = 2147483647;
			files = (
				63AA5CDB19D7E31C009E15E7 /* Main.storyboard in Resources */,
				633FC8E619DF4ECE0033F742 /* sprites in Resources */,
				63AA5CE019D7E31C009E15E7 /* LaunchScreen.xib in Resources */,
				63AA5CDD19D7E31C009E15E7 /* Images.xcassets in Resources */,
			);
			runOnlyForDeploymentPostprocessing = 0;
		};
		63AA5CE319D7E31C009E15E7 /* Resources */ = {
			isa = PBXResourcesBuildPhase;
			buildActionMask = 2147483647;
			files = (
			);
			runOnlyForDeploymentPostprocessing = 0;
		};
/* End PBXResourcesBuildPhase section */

/* Begin PBXSourcesBuildPhase section */
		63AA5CC819D7E31C009E15E7 /* Sources */ = {
			isa = PBXSourcesBuildPhase;
			buildActionMask = 2147483647;
			files = (
				637C09B719E11BD200E93BB0 /* LayerPickerDelegate.swift in Sources */,
				637C09B519E1135300E93BB0 /* LayerPickerViewController.swift in Sources */,
				63AA5D0119D7E37E009E15E7 /* SceneViewController.swift in Sources */,
				637C09B119E0953100E93BB0 /* RenderingAgent.swift in Sources */,
				633FC91C19DF73C30033F742 /* EditCardViewController.swift in Sources */,
				63AA5CFF19D7E37E009E15E7 /* InboxTableViewController.swift in Sources */,
				637C09AF19DFCA9600E93BB0 /* EditSceneToolbarDelegate.swift in Sources */,
				636A6A4B19E1D7EF001B4B6D /* SpritePickerDelegate.swift in Sources */,
				637C09AD19DFB48700E93BB0 /* EditSceneToolbarViewController.swift in Sources */,
				63AA5D0019D7E37E009E15E7 /* Models.swift in Sources */,
				633FC91A19DF6ABD0033F742 /* EditSceneViewController.swift in Sources */,
				63AA5CFD19D7E37E009E15E7 /* CardViewController.swift in Sources */,
				63AA5CFE19D7E37E009E15E7 /* DataUtility.swift in Sources */,
				636A6A4D19E1D8A8001B4B6D /* SpritePickerViewController.swift in Sources */,
				63AA5CD219D7E31C009E15E7 /* AppDelegate.swift in Sources */,
			);
			runOnlyForDeploymentPostprocessing = 0;
		};
		63AA5CE119D7E31C009E15E7 /* Sources */ = {
			isa = PBXSourcesBuildPhase;
			buildActionMask = 2147483647;
			files = (
				63AA5CEC19D7E31C009E15E7 /* GreetingCardTests.swift in Sources */,
			);
			runOnlyForDeploymentPostprocessing = 0;
		};
/* End PBXSourcesBuildPhase section */

/* Begin PBXTargetDependency section */
		63AA5CE719D7E31C009E15E7 /* PBXTargetDependency */ = {
			isa = PBXTargetDependency;
			target = 63AA5CCB19D7E31C009E15E7 /* GreetingCard */;
			targetProxy = 63AA5CE619D7E31C009E15E7 /* PBXContainerItemProxy */;
		};
/* End PBXTargetDependency section */

/* Begin PBXVariantGroup section */
		63AA5CD919D7E31C009E15E7 /* Main.storyboard */ = {
			isa = PBXVariantGroup;
			children = (
				63AA5CDA19D7E31C009E15E7 /* Base */,
			);
			name = Main.storyboard;
			sourceTree = "<group>";
		};
		63AA5CDE19D7E31C009E15E7 /* LaunchScreen.xib */ = {
			isa = PBXVariantGroup;
			children = (
				63AA5CDF19D7E31C009E15E7 /* Base */,
			);
			name = LaunchScreen.xib;
			sourceTree = "<group>";
		};
/* End PBXVariantGroup section */

/* Begin XCBuildConfiguration section */
		63AA5CED19D7E31C009E15E7 /* Debug */ = {
			isa = XCBuildConfiguration;
			buildSettings = {
				ALWAYS_SEARCH_USER_PATHS = NO;
				CLANG_CXX_LANGUAGE_STANDARD = "gnu++0x";
				CLANG_CXX_LIBRARY = "libc++";
				CLANG_ENABLE_MODULES = YES;
				CLANG_ENABLE_OBJC_ARC = YES;
				CLANG_WARN_BOOL_CONVERSION = YES;
				CLANG_WARN_CONSTANT_CONVERSION = YES;
				CLANG_WARN_DIRECT_OBJC_ISA_USAGE = YES_ERROR;
				CLANG_WARN_EMPTY_BODY = YES;
				CLANG_WARN_ENUM_CONVERSION = YES;
				CLANG_WARN_INT_CONVERSION = YES;
				CLANG_WARN_OBJC_ROOT_CLASS = YES_ERROR;
				CLANG_WARN_UNREACHABLE_CODE = YES;
				CLANG_WARN__DUPLICATE_METHOD_MATCH = YES;
				"CODE_SIGN_IDENTITY[sdk=iphoneos*]" = "iPhone Developer";
				COPY_PHASE_STRIP = NO;
				ENABLE_STRICT_OBJC_MSGSEND = YES;
				GCC_C_LANGUAGE_STANDARD = gnu99;
				GCC_DYNAMIC_NO_PIC = NO;
				GCC_OPTIMIZATION_LEVEL = 0;
				GCC_PREPROCESSOR_DEFINITIONS = (
					"DEBUG=1",
					"$(inherited)",
				);
				GCC_SYMBOLS_PRIVATE_EXTERN = NO;
				GCC_WARN_64_TO_32_BIT_CONVERSION = YES;
				GCC_WARN_ABOUT_RETURN_TYPE = YES_ERROR;
				GCC_WARN_UNDECLARED_SELECTOR = YES;
				GCC_WARN_UNINITIALIZED_AUTOS = YES_AGGRESSIVE;
				GCC_WARN_UNUSED_FUNCTION = YES;
				GCC_WARN_UNUSED_VARIABLE = YES;
				IPHONEOS_DEPLOYMENT_TARGET = 8.0;
				MTL_ENABLE_DEBUG_INFO = YES;
				ONLY_ACTIVE_ARCH = YES;
				SDKROOT = iphoneos;
				SWIFT_OPTIMIZATION_LEVEL = "-Onone";
			};
			name = Debug;
		};
		63AA5CEE19D7E31C009E15E7 /* Release */ = {
			isa = XCBuildConfiguration;
			buildSettings = {
				ALWAYS_SEARCH_USER_PATHS = NO;
				CLANG_CXX_LANGUAGE_STANDARD = "gnu++0x";
				CLANG_CXX_LIBRARY = "libc++";
				CLANG_ENABLE_MODULES = YES;
				CLANG_ENABLE_OBJC_ARC = YES;
				CLANG_WARN_BOOL_CONVERSION = YES;
				CLANG_WARN_CONSTANT_CONVERSION = YES;
				CLANG_WARN_DIRECT_OBJC_ISA_USAGE = YES_ERROR;
				CLANG_WARN_EMPTY_BODY = YES;
				CLANG_WARN_ENUM_CONVERSION = YES;
				CLANG_WARN_INT_CONVERSION = YES;
				CLANG_WARN_OBJC_ROOT_CLASS = YES_ERROR;
				CLANG_WARN_UNREACHABLE_CODE = YES;
				CLANG_WARN__DUPLICATE_METHOD_MATCH = YES;
				"CODE_SIGN_IDENTITY[sdk=iphoneos*]" = "iPhone Developer";
				COPY_PHASE_STRIP = YES;
				ENABLE_NS_ASSERTIONS = NO;
				ENABLE_STRICT_OBJC_MSGSEND = YES;
				GCC_C_LANGUAGE_STANDARD = gnu99;
				GCC_WARN_64_TO_32_BIT_CONVERSION = YES;
				GCC_WARN_ABOUT_RETURN_TYPE = YES_ERROR;
				GCC_WARN_UNDECLARED_SELECTOR = YES;
				GCC_WARN_UNINITIALIZED_AUTOS = YES_AGGRESSIVE;
				GCC_WARN_UNUSED_FUNCTION = YES;
				GCC_WARN_UNUSED_VARIABLE = YES;
				IPHONEOS_DEPLOYMENT_TARGET = 8.0;
				MTL_ENABLE_DEBUG_INFO = NO;
				SDKROOT = iphoneos;
				VALIDATE_PRODUCT = YES;
			};
			name = Release;
		};
		63AA5CF019D7E31C009E15E7 /* Debug */ = {
			isa = XCBuildConfiguration;
			buildSettings = {
				ASSETCATALOG_COMPILER_APPICON_NAME = AppIcon;
				INFOPLIST_FILE = GreetingCard/Info.plist;
				IPHONEOS_DEPLOYMENT_TARGET = 8.0;
				LD_RUNPATH_SEARCH_PATHS = "$(inherited) @executable_path/Frameworks";
				PRODUCT_NAME = "$(TARGET_NAME)";
			};
			name = Debug;
		};
		63AA5CF119D7E31C009E15E7 /* Release */ = {
			isa = XCBuildConfiguration;
			buildSettings = {
				ASSETCATALOG_COMPILER_APPICON_NAME = AppIcon;
				INFOPLIST_FILE = GreetingCard/Info.plist;
				IPHONEOS_DEPLOYMENT_TARGET = 8.0;
				LD_RUNPATH_SEARCH_PATHS = "$(inherited) @executable_path/Frameworks";
				PRODUCT_NAME = "$(TARGET_NAME)";
			};
			name = Release;
		};
		63AA5CF319D7E31C009E15E7 /* Debug */ = {
			isa = XCBuildConfiguration;
			buildSettings = {
				BUNDLE_LOADER = "$(TEST_HOST)";
				FRAMEWORK_SEARCH_PATHS = (
					"$(SDKROOT)/Developer/Library/Frameworks",
					"$(inherited)",
				);
				GCC_PREPROCESSOR_DEFINITIONS = (
					"DEBUG=1",
					"$(inherited)",
				);
				INFOPLIST_FILE = GreetingCardTests/Info.plist;
				LD_RUNPATH_SEARCH_PATHS = "$(inherited) @executable_path/Frameworks @loader_path/Frameworks";
				PRODUCT_NAME = "$(TARGET_NAME)";
				TEST_HOST = "$(BUILT_PRODUCTS_DIR)/GreetingCard.app/GreetingCard";
			};
			name = Debug;
		};
		63AA5CF419D7E31C009E15E7 /* Release */ = {
			isa = XCBuildConfiguration;
			buildSettings = {
				BUNDLE_LOADER = "$(TEST_HOST)";
				FRAMEWORK_SEARCH_PATHS = (
					"$(SDKROOT)/Developer/Library/Frameworks",
					"$(inherited)",
				);
				INFOPLIST_FILE = GreetingCardTests/Info.plist;
				LD_RUNPATH_SEARCH_PATHS = "$(inherited) @executable_path/Frameworks @loader_path/Frameworks";
				PRODUCT_NAME = "$(TARGET_NAME)";
				TEST_HOST = "$(BUILT_PRODUCTS_DIR)/GreetingCard.app/GreetingCard";
			};
			name = Release;
		};
/* End XCBuildConfiguration section */

/* Begin XCConfigurationList section */
		63AA5CC719D7E31C009E15E7 /* Build configuration list for PBXProject "GreetingCard" */ = {
			isa = XCConfigurationList;
			buildConfigurations = (
				63AA5CED19D7E31C009E15E7 /* Debug */,
				63AA5CEE19D7E31C009E15E7 /* Release */,
			);
			defaultConfigurationIsVisible = 0;
			defaultConfigurationName = Release;
		};
		63AA5CEF19D7E31C009E15E7 /* Build configuration list for PBXNativeTarget "GreetingCard" */ = {
			isa = XCConfigurationList;
			buildConfigurations = (
				63AA5CF019D7E31C009E15E7 /* Debug */,
				63AA5CF119D7E31C009E15E7 /* Release */,
			);
			defaultConfigurationIsVisible = 0;
			defaultConfigurationName = Release;
		};
		63AA5CF219D7E31C009E15E7 /* Build configuration list for PBXNativeTarget "GreetingCardTests" */ = {
			isa = XCConfigurationList;
			buildConfigurations = (
				63AA5CF319D7E31C009E15E7 /* Debug */,
				63AA5CF419D7E31C009E15E7 /* Release */,
			);
			defaultConfigurationIsVisible = 0;
			defaultConfigurationName = Release;
		};
/* End XCConfigurationList section */
	};
	rootObject = 63AA5CC419D7E31C009E15E7 /* Project object */;
}
